// !$*UTF8*$!
{
	archiveVersion = 1;
	classes = {
	};
	objectVersion = 46;
	objects = {

/* Begin PBXBuildFile section */
		053325FDBBD847DDA3206E07 /* libPods.a in Frameworks */ = {isa = PBXBuildFile; fileRef = 204E856D2B3B45B789BB0B2A /* libPods.a */; };
		BE1619BB18EB762700964404 /* Foundation.framework in Frameworks */ = {isa = PBXBuildFile; fileRef = BE1619BA18EB762700964404 /* Foundation.framework */; };
		BE1619BD18EB762700964404 /* CoreGraphics.framework in Frameworks */ = {isa = PBXBuildFile; fileRef = BE1619BC18EB762700964404 /* CoreGraphics.framework */; };
		BE1619BF18EB762700964404 /* UIKit.framework in Frameworks */ = {isa = PBXBuildFile; fileRef = BE1619BE18EB762700964404 /* UIKit.framework */; };
		BE1619C518EB762700964404 /* InfoPlist.strings in Resources */ = {isa = PBXBuildFile; fileRef = BE1619C318EB762700964404 /* InfoPlist.strings */; };
		BE1619C718EB762700964404 /* main.m in Sources */ = {isa = PBXBuildFile; fileRef = BE1619C618EB762700964404 /* main.m */; };
		BE1619CB18EB762700964404 /* AppDelegate.m in Sources */ = {isa = PBXBuildFile; fileRef = BE1619CA18EB762700964404 /* AppDelegate.m */; };
		BE1619CD18EB762700964404 /* Images.xcassets in Resources */ = {isa = PBXBuildFile; fileRef = BE1619CC18EB762700964404 /* Images.xcassets */; };
		BE1619D418EB762700964404 /* XCTest.framework in Frameworks */ = {isa = PBXBuildFile; fileRef = BE1619D318EB762700964404 /* XCTest.framework */; };
		BE1619D518EB762700964404 /* Foundation.framework in Frameworks */ = {isa = PBXBuildFile; fileRef = BE1619BA18EB762700964404 /* Foundation.framework */; };
		BE1619D618EB762700964404 /* UIKit.framework in Frameworks */ = {isa = PBXBuildFile; fileRef = BE1619BE18EB762700964404 /* UIKit.framework */; };
		BE1619DE18EB762700964404 /* InfoPlist.strings in Resources */ = {isa = PBXBuildFile; fileRef = BE1619DC18EB762700964404 /* InfoPlist.strings */; };
		BE1619E018EB762700964404 /* GetStartedTests.m in Sources */ = {isa = PBXBuildFile; fileRef = BE1619DF18EB762700964404 /* GetStartedTests.m */; };
		BE1619F018EB7D0F00964404 /* Constants.m in Sources */ = {isa = PBXBuildFile; fileRef = BE1619EF18EB7D0F00964404 /* Constants.m */; };
		BE161A2318EB7E1800964404 /* CCActionSheet.m in Sources */ = {isa = PBXBuildFile; fileRef = BE1619F218EB7E1800964404 /* CCActionSheet.m */; };
		BE161A2418EB7E1800964404 /* DDProgressView.m in Sources */ = {isa = PBXBuildFile; fileRef = BE1619F418EB7E1800964404 /* DDProgressView.m */; };
		BE161A2618EB7E1800964404 /* libGoogleAnalyticsServices.a in Frameworks */ = {isa = PBXBuildFile; fileRef = BE1619FD18EB7E1800964404 /* libGoogleAnalyticsServices.a */; };
		BE161A2718EB7E1800964404 /* NGAParallaxMotion.m in Sources */ = {isa = PBXBuildFile; fileRef = BE1619FF18EB7E1800964404 /* NGAParallaxMotion.m */; };
		BE161A2818EB7E1800964404 /* MKAnnotationView+WebCache.m in Sources */ = {isa = PBXBuildFile; fileRef = BE161A0218EB7E1800964404 /* MKAnnotationView+WebCache.m */; };
		BE161A2918EB7E1800964404 /* NSData+GIF.m in Sources */ = {isa = PBXBuildFile; fileRef = BE161A0418EB7E1800964404 /* NSData+GIF.m */; };
		BE161A2A18EB7E1800964404 /* SDImageCache.m in Sources */ = {isa = PBXBuildFile; fileRef = BE161A0618EB7E1800964404 /* SDImageCache.m */; };
		BE161A2B18EB7E1800964404 /* SDWebImageCompat.m in Sources */ = {isa = PBXBuildFile; fileRef = BE161A0818EB7E1800964404 /* SDWebImageCompat.m */; };
		BE161A2C18EB7E1800964404 /* SDWebImageDecoder.m in Sources */ = {isa = PBXBuildFile; fileRef = BE161A0A18EB7E1800964404 /* SDWebImageDecoder.m */; };
		BE161A2D18EB7E1800964404 /* SDWebImageDownloader.m in Sources */ = {isa = PBXBuildFile; fileRef = BE161A0C18EB7E1800964404 /* SDWebImageDownloader.m */; };
		BE161A2E18EB7E1800964404 /* SDWebImageDownloaderOperation.m in Sources */ = {isa = PBXBuildFile; fileRef = BE161A0E18EB7E1800964404 /* SDWebImageDownloaderOperation.m */; };
		BE161A2F18EB7E1800964404 /* SDWebImageManager.m in Sources */ = {isa = PBXBuildFile; fileRef = BE161A1018EB7E1800964404 /* SDWebImageManager.m */; };
		BE161A3018EB7E1800964404 /* SDWebImagePrefetcher.m in Sources */ = {isa = PBXBuildFile; fileRef = BE161A1318EB7E1800964404 /* SDWebImagePrefetcher.m */; };
		BE161A3118EB7E1800964404 /* UIButton+WebCache.m in Sources */ = {isa = PBXBuildFile; fileRef = BE161A1518EB7E1800964404 /* UIButton+WebCache.m */; };
		BE161A3218EB7E1800964404 /* UIImage+GIF.m in Sources */ = {isa = PBXBuildFile; fileRef = BE161A1718EB7E1800964404 /* UIImage+GIF.m */; };
		BE161A3318EB7E1800964404 /* UIImage+MultiFormat.m in Sources */ = {isa = PBXBuildFile; fileRef = BE161A1918EB7E1800964404 /* UIImage+MultiFormat.m */; };
		BE161A3418EB7E1800964404 /* UIImage+WebP.m in Sources */ = {isa = PBXBuildFile; fileRef = BE161A1B18EB7E1800964404 /* UIImage+WebP.m */; };
		BE161A3518EB7E1800964404 /* UIImageView+WebCache.m in Sources */ = {isa = PBXBuildFile; fileRef = BE161A1D18EB7E1800964404 /* UIImageView+WebCache.m */; };
		BE161A3618EB7E1800964404 /* LICENSE in Resources */ = {isa = PBXBuildFile; fileRef = BE161A1F18EB7E1800964404 /* LICENSE */; };
		BE161A3718EB7E1800964404 /* README.md in Resources */ = {isa = PBXBuildFile; fileRef = BE161A2018EB7E1800964404 /* README.md */; };
		BE161A3818EB7E1800964404 /* UIView+Positioning.m in Sources */ = {isa = PBXBuildFile; fileRef = BE161A2218EB7E1800964404 /* UIView+Positioning.m */; };
		BE161A6418EB7E2800964404 /* NSDate+JHExtras.m in Sources */ = {isa = PBXBuildFile; fileRef = BE161A3D18EB7E2800964404 /* NSDate+JHExtras.m */; };
		BE161A6518EB7E2800964404 /* NSMutableArray+JHExtras.m in Sources */ = {isa = PBXBuildFile; fileRef = BE161A3F18EB7E2800964404 /* NSMutableArray+JHExtras.m */; };
		BE161A6618EB7E2800964404 /* NSObject+JHExtras.m in Sources */ = {isa = PBXBuildFile; fileRef = BE161A4118EB7E2800964404 /* NSObject+JHExtras.m */; };
		BE161A6718EB7E2800964404 /* NSString+JHExtras.m in Sources */ = {isa = PBXBuildFile; fileRef = BE161A4318EB7E2800964404 /* NSString+JHExtras.m */; };
		BE161A6818EB7E2800964404 /* UIBarButtonItem+JHExtras.m in Sources */ = {isa = PBXBuildFile; fileRef = BE161A4518EB7E2800964404 /* UIBarButtonItem+JHExtras.m */; };
		BE161A6918EB7E2800964404 /* UIColor+JHExtras.m in Sources */ = {isa = PBXBuildFile; fileRef = BE161A4718EB7E2800964404 /* UIColor+JHExtras.m */; };
		BE161A6A18EB7E2800964404 /* UIImage+JHExtras.m in Sources */ = {isa = PBXBuildFile; fileRef = BE161A4918EB7E2800964404 /* UIImage+JHExtras.m */; };
		BE161A6B18EB7E2800964404 /* UITableView+JHExtras.m in Sources */ = {isa = PBXBuildFile; fileRef = BE161A4B18EB7E2800964404 /* UITableView+JHExtras.m */; };
		BE161A6C18EB7E2800964404 /* JHAutosizingLabel.m in Sources */ = {isa = PBXBuildFile; fileRef = BE161A5218EB7E2800964404 /* JHAutosizingLabel.m */; };
		BE161A6D18EB7E2800964404 /* JHSlideViewController.m in Sources */ = {isa = PBXBuildFile; fileRef = BE161A5418EB7E2800964404 /* JHSlideViewController.m */; };
		BE161A6E18EB7E2800964404 /* JHTableViewController.m in Sources */ = {isa = PBXBuildFile; fileRef = BE161A5618EB7E2800964404 /* JHTableViewController.m */; };
		BE161A6F18EB7E2800964404 /* JHViewController.m in Sources */ = {isa = PBXBuildFile; fileRef = BE161A5818EB7E2800964404 /* JHViewController.m */; };
		BE161A7018EB7E2800964404 /* PRPAlertView.m in Sources */ = {isa = PBXBuildFile; fileRef = BE161A5A18EB7E2800964404 /* PRPAlertView.m */; };
		BE161A7118EB7E2800964404 /* PRPNibBasedTableViewCell.m in Sources */ = {isa = PBXBuildFile; fileRef = BE161A5C18EB7E2800964404 /* PRPNibBasedTableViewCell.m */; };
		BE161A7318EB7E2800964404 /* PRPSmartTableViewCell.m in Sources */ = {isa = PBXBuildFile; fileRef = BE161A6018EB7E2800964404 /* PRPSmartTableViewCell.m */; };
		BE161A7418EB7E2800964404 /* JHBeSocial.m in Sources */ = {isa = PBXBuildFile; fileRef = BE161A6318EB7E2800964404 /* JHBeSocial.m */; };
		BE161A7718EB81DB00964404 /* AdSupport.framework in Frameworks */ = {isa = PBXBuildFile; fileRef = BE161A7518EB81DB00964404 /* AdSupport.framework */; };
		BE161A7818EB81DB00964404 /* CoreData.framework in Frameworks */ = {isa = PBXBuildFile; fileRef = BE161A7618EB81DB00964404 /* CoreData.framework */; };
		BE161A7A18EB81DF00964404 /* libz.dylib in Frameworks */ = {isa = PBXBuildFile; fileRef = BE161A7918EB81DF00964404 /* libz.dylib */; };
		BE161A7C18EB81ED00964404 /* SystemConfiguration.framework in Frameworks */ = {isa = PBXBuildFile; fileRef = BE161A7B18EB81ED00964404 /* SystemConfiguration.framework */; };
/* End PBXBuildFile section */

/* Begin PBXContainerItemProxy section */
		BE1619D718EB762700964404 /* PBXContainerItemProxy */ = {
			isa = PBXContainerItemProxy;
			containerPortal = BE1619AF18EB762700964404 /* Project object */;
			proxyType = 1;
			remoteGlobalIDString = BE1619B618EB762700964404;
			remoteInfo = GetStarted;
		};
/* End PBXContainerItemProxy section */

/* Begin PBXFileReference section */
		204E856D2B3B45B789BB0B2A /* libPods.a */ = {isa = PBXFileReference; explicitFileType = archive.ar; includeInIndex = 0; path = libPods.a; sourceTree = BUILT_PRODUCTS_DIR; };
		99382468C2D14A708BC65F21 /* Pods.xcconfig */ = {isa = PBXFileReference; includeInIndex = 1; lastKnownFileType = text.xcconfig; name = Pods.xcconfig; path = Pods/Pods.xcconfig; sourceTree = "<group>"; };
		BE1619B718EB762700964404 /* GetStarted.app */ = {isa = PBXFileReference; explicitFileType = wrapper.application; includeInIndex = 0; path = GetStarted.app; sourceTree = BUILT_PRODUCTS_DIR; };
		BE1619BA18EB762700964404 /* Foundation.framework */ = {isa = PBXFileReference; lastKnownFileType = wrapper.framework; name = Foundation.framework; path = System/Library/Frameworks/Foundation.framework; sourceTree = SDKROOT; };
		BE1619BC18EB762700964404 /* CoreGraphics.framework */ = {isa = PBXFileReference; lastKnownFileType = wrapper.framework; name = CoreGraphics.framework; path = System/Library/Frameworks/CoreGraphics.framework; sourceTree = SDKROOT; };
		BE1619BE18EB762700964404 /* UIKit.framework */ = {isa = PBXFileReference; lastKnownFileType = wrapper.framework; name = UIKit.framework; path = System/Library/Frameworks/UIKit.framework; sourceTree = SDKROOT; };
		BE1619C218EB762700964404 /* GetStarted-Info.plist */ = {isa = PBXFileReference; lastKnownFileType = text.plist.xml; path = "GetStarted-Info.plist"; sourceTree = "<group>"; };
		BE1619C418EB762700964404 /* en */ = {isa = PBXFileReference; lastKnownFileType = text.plist.strings; name = en; path = en.lproj/InfoPlist.strings; sourceTree = "<group>"; };
		BE1619C618EB762700964404 /* main.m */ = {isa = PBXFileReference; lastKnownFileType = sourcecode.c.objc; path = main.m; sourceTree = "<group>"; };
		BE1619C818EB762700964404 /* GetStarted-Prefix.pch */ = {isa = PBXFileReference; lastKnownFileType = sourcecode.c.h; path = "GetStarted-Prefix.pch"; sourceTree = "<group>"; };
		BE1619C918EB762700964404 /* AppDelegate.h */ = {isa = PBXFileReference; lastKnownFileType = sourcecode.c.h; path = AppDelegate.h; sourceTree = "<group>"; };
		BE1619CA18EB762700964404 /* AppDelegate.m */ = {isa = PBXFileReference; lastKnownFileType = sourcecode.c.objc; path = AppDelegate.m; sourceTree = "<group>"; };
		BE1619CC18EB762700964404 /* Images.xcassets */ = {isa = PBXFileReference; lastKnownFileType = folder.assetcatalog; path = Images.xcassets; sourceTree = "<group>"; };
		BE1619D218EB762700964404 /* GetStartedTests.xctest */ = {isa = PBXFileReference; explicitFileType = wrapper.cfbundle; includeInIndex = 0; path = GetStartedTests.xctest; sourceTree = BUILT_PRODUCTS_DIR; };
		BE1619D318EB762700964404 /* XCTest.framework */ = {isa = PBXFileReference; lastKnownFileType = wrapper.framework; name = XCTest.framework; path = Library/Frameworks/XCTest.framework; sourceTree = DEVELOPER_DIR; };
		BE1619DB18EB762700964404 /* GetStartedTests-Info.plist */ = {isa = PBXFileReference; lastKnownFileType = text.plist.xml; path = "GetStartedTests-Info.plist"; sourceTree = "<group>"; };
		BE1619DD18EB762700964404 /* en */ = {isa = PBXFileReference; lastKnownFileType = text.plist.strings; name = en; path = en.lproj/InfoPlist.strings; sourceTree = "<group>"; };
		BE1619DF18EB762700964404 /* GetStartedTests.m */ = {isa = PBXFileReference; lastKnownFileType = sourcecode.c.objc; path = GetStartedTests.m; sourceTree = "<group>"; };
		BE1619EE18EB7D0F00964404 /* Constants.h */ = {isa = PBXFileReference; fileEncoding = 4; lastKnownFileType = sourcecode.c.h; path = Constants.h; sourceTree = "<group>"; };
		BE1619EF18EB7D0F00964404 /* Constants.m */ = {isa = PBXFileReference; fileEncoding = 4; lastKnownFileType = sourcecode.c.objc; path = Constants.m; sourceTree = "<group>"; };
		BE1619F118EB7E1800964404 /* CCActionSheet.h */ = {isa = PBXFileReference; fileEncoding = 4; lastKnownFileType = sourcecode.c.h; path = CCActionSheet.h; sourceTree = "<group>"; };
		BE1619F218EB7E1800964404 /* CCActionSheet.m */ = {isa = PBXFileReference; fileEncoding = 4; lastKnownFileType = sourcecode.c.objc; path = CCActionSheet.m; sourceTree = "<group>"; };
		BE1619F318EB7E1800964404 /* DDProgressView.h */ = {isa = PBXFileReference; fileEncoding = 4; lastKnownFileType = sourcecode.c.h; path = DDProgressView.h; sourceTree = "<group>"; };
		BE1619F418EB7E1800964404 /* DDProgressView.m */ = {isa = PBXFileReference; fileEncoding = 4; lastKnownFileType = sourcecode.c.objc; path = DDProgressView.m; sourceTree = "<group>"; };
		BE1619F618EB7E1800964404 /* GAI.h */ = {isa = PBXFileReference; fileEncoding = 4; lastKnownFileType = sourcecode.c.h; path = GAI.h; sourceTree = "<group>"; };
		BE1619F718EB7E1800964404 /* GAIDictionaryBuilder.h */ = {isa = PBXFileReference; fileEncoding = 4; lastKnownFileType = sourcecode.c.h; path = GAIDictionaryBuilder.h; sourceTree = "<group>"; };
		BE1619F818EB7E1800964404 /* GAIFields.h */ = {isa = PBXFileReference; fileEncoding = 4; lastKnownFileType = sourcecode.c.h; path = GAIFields.h; sourceTree = "<group>"; };
		BE1619F918EB7E1800964404 /* GAILogger.h */ = {isa = PBXFileReference; fileEncoding = 4; lastKnownFileType = sourcecode.c.h; path = GAILogger.h; sourceTree = "<group>"; };
		BE1619FA18EB7E1800964404 /* GAITrackedViewController.h */ = {isa = PBXFileReference; fileEncoding = 4; lastKnownFileType = sourcecode.c.h; path = GAITrackedViewController.h; sourceTree = "<group>"; };
		BE1619FB18EB7E1800964404 /* GAITracker.h */ = {isa = PBXFileReference; fileEncoding = 4; lastKnownFileType = sourcecode.c.h; path = GAITracker.h; sourceTree = "<group>"; };
		BE1619FC18EB7E1800964404 /* libGoogleAnalytics_debug.a */ = {isa = PBXFileReference; lastKnownFileType = archive.ar; path = libGoogleAnalytics_debug.a; sourceTree = "<group>"; };
		BE1619FD18EB7E1800964404 /* libGoogleAnalyticsServices.a */ = {isa = PBXFileReference; lastKnownFileType = archive.ar; path = libGoogleAnalyticsServices.a; sourceTree = "<group>"; };
		BE1619FE18EB7E1800964404 /* NGAParallaxMotion.h */ = {isa = PBXFileReference; fileEncoding = 4; lastKnownFileType = sourcecode.c.h; path = NGAParallaxMotion.h; sourceTree = "<group>"; };
		BE1619FF18EB7E1800964404 /* NGAParallaxMotion.m */ = {isa = PBXFileReference; fileEncoding = 4; lastKnownFileType = sourcecode.c.objc; path = NGAParallaxMotion.m; sourceTree = "<group>"; };
		BE161A0118EB7E1800964404 /* MKAnnotationView+WebCache.h */ = {isa = PBXFileReference; fileEncoding = 4; lastKnownFileType = sourcecode.c.h; path = "MKAnnotationView+WebCache.h"; sourceTree = "<group>"; };
		BE161A0218EB7E1800964404 /* MKAnnotationView+WebCache.m */ = {isa = PBXFileReference; fileEncoding = 4; lastKnownFileType = sourcecode.c.objc; path = "MKAnnotationView+WebCache.m"; sourceTree = "<group>"; };
		BE161A0318EB7E1800964404 /* NSData+GIF.h */ = {isa = PBXFileReference; fileEncoding = 4; lastKnownFileType = sourcecode.c.h; path = "NSData+GIF.h"; sourceTree = "<group>"; };
		BE161A0418EB7E1800964404 /* NSData+GIF.m */ = {isa = PBXFileReference; fileEncoding = 4; lastKnownFileType = sourcecode.c.objc; path = "NSData+GIF.m"; sourceTree = "<group>"; };
		BE161A0518EB7E1800964404 /* SDImageCache.h */ = {isa = PBXFileReference; fileEncoding = 4; lastKnownFileType = sourcecode.c.h; path = SDImageCache.h; sourceTree = "<group>"; };
		BE161A0618EB7E1800964404 /* SDImageCache.m */ = {isa = PBXFileReference; fileEncoding = 4; lastKnownFileType = sourcecode.c.objc; path = SDImageCache.m; sourceTree = "<group>"; };
		BE161A0718EB7E1800964404 /* SDWebImageCompat.h */ = {isa = PBXFileReference; fileEncoding = 4; lastKnownFileType = sourcecode.c.h; path = SDWebImageCompat.h; sourceTree = "<group>"; };
		BE161A0818EB7E1800964404 /* SDWebImageCompat.m */ = {isa = PBXFileReference; fileEncoding = 4; lastKnownFileType = sourcecode.c.objc; path = SDWebImageCompat.m; sourceTree = "<group>"; };
		BE161A0918EB7E1800964404 /* SDWebImageDecoder.h */ = {isa = PBXFileReference; fileEncoding = 4; lastKnownFileType = sourcecode.c.h; path = SDWebImageDecoder.h; sourceTree = "<group>"; };
		BE161A0A18EB7E1800964404 /* SDWebImageDecoder.m */ = {isa = PBXFileReference; fileEncoding = 4; lastKnownFileType = sourcecode.c.objc; path = SDWebImageDecoder.m; sourceTree = "<group>"; };
		BE161A0B18EB7E1800964404 /* SDWebImageDownloader.h */ = {isa = PBXFileReference; fileEncoding = 4; lastKnownFileType = sourcecode.c.h; path = SDWebImageDownloader.h; sourceTree = "<group>"; };
		BE161A0C18EB7E1800964404 /* SDWebImageDownloader.m */ = {isa = PBXFileReference; fileEncoding = 4; lastKnownFileType = sourcecode.c.objc; path = SDWebImageDownloader.m; sourceTree = "<group>"; };
		BE161A0D18EB7E1800964404 /* SDWebImageDownloaderOperation.h */ = {isa = PBXFileReference; fileEncoding = 4; lastKnownFileType = sourcecode.c.h; path = SDWebImageDownloaderOperation.h; sourceTree = "<group>"; };
		BE161A0E18EB7E1800964404 /* SDWebImageDownloaderOperation.m */ = {isa = PBXFileReference; fileEncoding = 4; lastKnownFileType = sourcecode.c.objc; path = SDWebImageDownloaderOperation.m; sourceTree = "<group>"; };
		BE161A0F18EB7E1800964404 /* SDWebImageManager.h */ = {isa = PBXFileReference; fileEncoding = 4; lastKnownFileType = sourcecode.c.h; path = SDWebImageManager.h; sourceTree = "<group>"; };
		BE161A1018EB7E1800964404 /* SDWebImageManager.m */ = {isa = PBXFileReference; fileEncoding = 4; lastKnownFileType = sourcecode.c.objc; path = SDWebImageManager.m; sourceTree = "<group>"; };
		BE161A1118EB7E1800964404 /* SDWebImageOperation.h */ = {isa = PBXFileReference; fileEncoding = 4; lastKnownFileType = sourcecode.c.h; path = SDWebImageOperation.h; sourceTree = "<group>"; };
		BE161A1218EB7E1800964404 /* SDWebImagePrefetcher.h */ = {isa = PBXFileReference; fileEncoding = 4; lastKnownFileType = sourcecode.c.h; path = SDWebImagePrefetcher.h; sourceTree = "<group>"; };
		BE161A1318EB7E1800964404 /* SDWebImagePrefetcher.m */ = {isa = PBXFileReference; fileEncoding = 4; lastKnownFileType = sourcecode.c.objc; path = SDWebImagePrefetcher.m; sourceTree = "<group>"; };
		BE161A1418EB7E1800964404 /* UIButton+WebCache.h */ = {isa = PBXFileReference; fileEncoding = 4; lastKnownFileType = sourcecode.c.h; path = "UIButton+WebCache.h"; sourceTree = "<group>"; };
		BE161A1518EB7E1800964404 /* UIButton+WebCache.m */ = {isa = PBXFileReference; fileEncoding = 4; lastKnownFileType = sourcecode.c.objc; path = "UIButton+WebCache.m"; sourceTree = "<group>"; };
		BE161A1618EB7E1800964404 /* UIImage+GIF.h */ = {isa = PBXFileReference; fileEncoding = 4; lastKnownFileType = sourcecode.c.h; path = "UIImage+GIF.h"; sourceTree = "<group>"; };
		BE161A1718EB7E1800964404 /* UIImage+GIF.m */ = {isa = PBXFileReference; fileEncoding = 4; lastKnownFileType = sourcecode.c.objc; path = "UIImage+GIF.m"; sourceTree = "<group>"; };
		BE161A1818EB7E1800964404 /* UIImage+MultiFormat.h */ = {isa = PBXFileReference; fileEncoding = 4; lastKnownFileType = sourcecode.c.h; path = "UIImage+MultiFormat.h"; sourceTree = "<group>"; };
		BE161A1918EB7E1800964404 /* UIImage+MultiFormat.m */ = {isa = PBXFileReference; fileEncoding = 4; lastKnownFileType = sourcecode.c.objc; path = "UIImage+MultiFormat.m"; sourceTree = "<group>"; };
		BE161A1A18EB7E1800964404 /* UIImage+WebP.h */ = {isa = PBXFileReference; fileEncoding = 4; lastKnownFileType = sourcecode.c.h; path = "UIImage+WebP.h"; sourceTree = "<group>"; };
		BE161A1B18EB7E1800964404 /* UIImage+WebP.m */ = {isa = PBXFileReference; fileEncoding = 4; lastKnownFileType = sourcecode.c.objc; path = "UIImage+WebP.m"; sourceTree = "<group>"; };
		BE161A1C18EB7E1800964404 /* UIImageView+WebCache.h */ = {isa = PBXFileReference; fileEncoding = 4; lastKnownFileType = sourcecode.c.h; path = "UIImageView+WebCache.h"; sourceTree = "<group>"; };
		BE161A1D18EB7E1800964404 /* UIImageView+WebCache.m */ = {isa = PBXFileReference; fileEncoding = 4; lastKnownFileType = sourcecode.c.objc; path = "UIImageView+WebCache.m"; sourceTree = "<group>"; };
		BE161A1F18EB7E1800964404 /* LICENSE */ = {isa = PBXFileReference; fileEncoding = 4; lastKnownFileType = text; path = LICENSE; sourceTree = "<group>"; };
		BE161A2018EB7E1800964404 /* README.md */ = {isa = PBXFileReference; fileEncoding = 4; lastKnownFileType = text; path = README.md; sourceTree = "<group>"; };
		BE161A2118EB7E1800964404 /* UIView+Positioning.h */ = {isa = PBXFileReference; fileEncoding = 4; lastKnownFileType = sourcecode.c.h; path = "UIView+Positioning.h"; sourceTree = "<group>"; };
		BE161A2218EB7E1800964404 /* UIView+Positioning.m */ = {isa = PBXFileReference; fileEncoding = 4; lastKnownFileType = sourcecode.c.objc; path = "UIView+Positioning.m"; sourceTree = "<group>"; };
		BE161A3B18EB7E2800964404 /* JHExtras.h */ = {isa = PBXFileReference; fileEncoding = 4; lastKnownFileType = sourcecode.c.h; path = JHExtras.h; sourceTree = "<group>"; };
		BE161A3C18EB7E2800964404 /* NSDate+JHExtras.h */ = {isa = PBXFileReference; fileEncoding = 4; lastKnownFileType = sourcecode.c.h; path = "NSDate+JHExtras.h"; sourceTree = "<group>"; };
		BE161A3D18EB7E2800964404 /* NSDate+JHExtras.m */ = {isa = PBXFileReference; fileEncoding = 4; lastKnownFileType = sourcecode.c.objc; path = "NSDate+JHExtras.m"; sourceTree = "<group>"; };
		BE161A3E18EB7E2800964404 /* NSMutableArray+JHExtras.h */ = {isa = PBXFileReference; fileEncoding = 4; lastKnownFileType = sourcecode.c.h; path = "NSMutableArray+JHExtras.h"; sourceTree = "<group>"; };
		BE161A3F18EB7E2800964404 /* NSMutableArray+JHExtras.m */ = {isa = PBXFileReference; fileEncoding = 4; lastKnownFileType = sourcecode.c.objc; path = "NSMutableArray+JHExtras.m"; sourceTree = "<group>"; };
		BE161A4018EB7E2800964404 /* NSObject+JHExtras.h */ = {isa = PBXFileReference; fileEncoding = 4; lastKnownFileType = sourcecode.c.h; path = "NSObject+JHExtras.h"; sourceTree = "<group>"; };
		BE161A4118EB7E2800964404 /* NSObject+JHExtras.m */ = {isa = PBXFileReference; fileEncoding = 4; lastKnownFileType = sourcecode.c.objc; path = "NSObject+JHExtras.m"; sourceTree = "<group>"; };
		BE161A4218EB7E2800964404 /* NSString+JHExtras.h */ = {isa = PBXFileReference; fileEncoding = 4; lastKnownFileType = sourcecode.c.h; path = "NSString+JHExtras.h"; sourceTree = "<group>"; };
		BE161A4318EB7E2800964404 /* NSString+JHExtras.m */ = {isa = PBXFileReference; fileEncoding = 4; lastKnownFileType = sourcecode.c.objc; path = "NSString+JHExtras.m"; sourceTree = "<group>"; };
		BE161A4418EB7E2800964404 /* UIBarButtonItem+JHExtras.h */ = {isa = PBXFileReference; fileEncoding = 4; lastKnownFileType = sourcecode.c.h; path = "UIBarButtonItem+JHExtras.h"; sourceTree = "<group>"; };
		BE161A4518EB7E2800964404 /* UIBarButtonItem+JHExtras.m */ = {isa = PBXFileReference; fileEncoding = 4; lastKnownFileType = sourcecode.c.objc; path = "UIBarButtonItem+JHExtras.m"; sourceTree = "<group>"; };
		BE161A4618EB7E2800964404 /* UIColor+JHExtras.h */ = {isa = PBXFileReference; fileEncoding = 4; lastKnownFileType = sourcecode.c.h; path = "UIColor+JHExtras.h"; sourceTree = "<group>"; };
		BE161A4718EB7E2800964404 /* UIColor+JHExtras.m */ = {isa = PBXFileReference; fileEncoding = 4; lastKnownFileType = sourcecode.c.objc; path = "UIColor+JHExtras.m"; sourceTree = "<group>"; };
		BE161A4818EB7E2800964404 /* UIImage+JHExtras.h */ = {isa = PBXFileReference; fileEncoding = 4; lastKnownFileType = sourcecode.c.h; path = "UIImage+JHExtras.h"; sourceTree = "<group>"; };
		BE161A4918EB7E2800964404 /* UIImage+JHExtras.m */ = {isa = PBXFileReference; fileEncoding = 4; lastKnownFileType = sourcecode.c.objc; path = "UIImage+JHExtras.m"; sourceTree = "<group>"; };
		BE161A4A18EB7E2800964404 /* UITableView+JHExtras.h */ = {isa = PBXFileReference; fileEncoding = 4; lastKnownFileType = sourcecode.c.h; path = "UITableView+JHExtras.h"; sourceTree = "<group>"; };
		BE161A4B18EB7E2800964404 /* UITableView+JHExtras.m */ = {isa = PBXFileReference; fileEncoding = 4; lastKnownFileType = sourcecode.c.objc; path = "UITableView+JHExtras.m"; sourceTree = "<group>"; };
		BE161A4D18EB7E2800964404 /* SafeARC.h */ = {isa = PBXFileReference; fileEncoding = 4; lastKnownFileType = sourcecode.c.h; path = SafeARC.h; sourceTree = "<group>"; };
		BE161A4E18EB7E2800964404 /* SynthesizeSingleton.h */ = {isa = PBXFileReference; fileEncoding = 4; lastKnownFileType = sourcecode.c.h; path = SynthesizeSingleton.h; sourceTree = "<group>"; };
		BE161A4F18EB7E2800964404 /* JHiOSAdditions.h */ = {isa = PBXFileReference; fileEncoding = 4; lastKnownFileType = sourcecode.c.h; path = JHiOSAdditions.h; sourceTree = "<group>"; };
		BE161A5118EB7E2800964404 /* JHAutosizingLabel.h */ = {isa = PBXFileReference; fileEncoding = 4; lastKnownFileType = sourcecode.c.h; path = JHAutosizingLabel.h; sourceTree = "<group>"; };
		BE161A5218EB7E2800964404 /* JHAutosizingLabel.m */ = {isa = PBXFileReference; fileEncoding = 4; lastKnownFileType = sourcecode.c.objc; path = JHAutosizingLabel.m; sourceTree = "<group>"; };
		BE161A5318EB7E2800964404 /* JHSlideViewController.h */ = {isa = PBXFileReference; fileEncoding = 4; lastKnownFileType = sourcecode.c.h; path = JHSlideViewController.h; sourceTree = "<group>"; };
		BE161A5418EB7E2800964404 /* JHSlideViewController.m */ = {isa = PBXFileReference; fileEncoding = 4; lastKnownFileType = sourcecode.c.objc; path = JHSlideViewController.m; sourceTree = "<group>"; };
		BE161A5518EB7E2800964404 /* JHTableViewController.h */ = {isa = PBXFileReference; fileEncoding = 4; lastKnownFileType = sourcecode.c.h; path = JHTableViewController.h; sourceTree = "<group>"; };
		BE161A5618EB7E2800964404 /* JHTableViewController.m */ = {isa = PBXFileReference; fileEncoding = 4; lastKnownFileType = sourcecode.c.objc; path = JHTableViewController.m; sourceTree = "<group>"; };
		BE161A5718EB7E2800964404 /* JHViewController.h */ = {isa = PBXFileReference; fileEncoding = 4; lastKnownFileType = sourcecode.c.h; path = JHViewController.h; sourceTree = "<group>"; };
		BE161A5818EB7E2800964404 /* JHViewController.m */ = {isa = PBXFileReference; fileEncoding = 4; lastKnownFileType = sourcecode.c.objc; path = JHViewController.m; sourceTree = "<group>"; };
		BE161A5918EB7E2800964404 /* PRPAlertView.h */ = {isa = PBXFileReference; fileEncoding = 4; lastKnownFileType = sourcecode.c.h; path = PRPAlertView.h; sourceTree = "<group>"; };
		BE161A5A18EB7E2800964404 /* PRPAlertView.m */ = {isa = PBXFileReference; fileEncoding = 4; lastKnownFileType = sourcecode.c.objc; path = PRPAlertView.m; sourceTree = "<group>"; };
		BE161A5B18EB7E2800964404 /* PRPNibBasedTableViewCell.h */ = {isa = PBXFileReference; fileEncoding = 4; lastKnownFileType = sourcecode.c.h; path = PRPNibBasedTableViewCell.h; sourceTree = "<group>"; };
		BE161A5C18EB7E2800964404 /* PRPNibBasedTableViewCell.m */ = {isa = PBXFileReference; fileEncoding = 4; lastKnownFileType = sourcecode.c.objc; path = PRPNibBasedTableViewCell.m; sourceTree = "<group>"; };
		BE161A5F18EB7E2800964404 /* PRPSmartTableViewCell.h */ = {isa = PBXFileReference; fileEncoding = 4; lastKnownFileType = sourcecode.c.h; path = PRPSmartTableViewCell.h; sourceTree = "<group>"; };
		BE161A6018EB7E2800964404 /* PRPSmartTableViewCell.m */ = {isa = PBXFileReference; fileEncoding = 4; lastKnownFileType = sourcecode.c.objc; path = PRPSmartTableViewCell.m; sourceTree = "<group>"; };
		BE161A6218EB7E2800964404 /* JHBeSocial.h */ = {isa = PBXFileReference; fileEncoding = 4; lastKnownFileType = sourcecode.c.h; path = JHBeSocial.h; sourceTree = "<group>"; };
		BE161A6318EB7E2800964404 /* JHBeSocial.m */ = {isa = PBXFileReference; fileEncoding = 4; lastKnownFileType = sourcecode.c.objc; path = JHBeSocial.m; sourceTree = "<group>"; };
		BE161A7518EB81DB00964404 /* AdSupport.framework */ = {isa = PBXFileReference; lastKnownFileType = wrapper.framework; name = AdSupport.framework; path = System/Library/Frameworks/AdSupport.framework; sourceTree = SDKROOT; };
		BE161A7618EB81DB00964404 /* CoreData.framework */ = {isa = PBXFileReference; lastKnownFileType = wrapper.framework; name = CoreData.framework; path = System/Library/Frameworks/CoreData.framework; sourceTree = SDKROOT; };
		BE161A7918EB81DF00964404 /* libz.dylib */ = {isa = PBXFileReference; lastKnownFileType = "compiled.mach-o.dylib"; name = libz.dylib; path = usr/lib/libz.dylib; sourceTree = SDKROOT; };
		BE161A7B18EB81ED00964404 /* SystemConfiguration.framework */ = {isa = PBXFileReference; lastKnownFileType = wrapper.framework; name = SystemConfiguration.framework; path = System/Library/Frameworks/SystemConfiguration.framework; sourceTree = SDKROOT; };
/* End PBXFileReference section */

/* Begin PBXFrameworksBuildPhase section */
		BE1619B418EB762700964404 /* Frameworks */ = {
			isa = PBXFrameworksBuildPhase;
			buildActionMask = 2147483647;
			files = (
				BE161A7718EB81DB00964404 /* AdSupport.framework in Frameworks */,
				BE161A7818EB81DB00964404 /* CoreData.framework in Frameworks */,
				BE1619BD18EB762700964404 /* CoreGraphics.framework in Frameworks */,
				BE1619BB18EB762700964404 /* Foundation.framework in Frameworks */,
				BE161A2618EB7E1800964404 /* libGoogleAnalyticsServices.a in Frameworks */,
				BE161A7A18EB81DF00964404 /* libz.dylib in Frameworks */,
				BE161A7C18EB81ED00964404 /* SystemConfiguration.framework in Frameworks */,
				BE1619BF18EB762700964404 /* UIKit.framework in Frameworks */,
				053325FDBBD847DDA3206E07 /* libPods.a in Frameworks */,
			);
			runOnlyForDeploymentPostprocessing = 0;
		};
		BE1619CF18EB762700964404 /* Frameworks */ = {
			isa = PBXFrameworksBuildPhase;
			buildActionMask = 2147483647;
			files = (
				BE1619D418EB762700964404 /* XCTest.framework in Frameworks */,
				BE1619D618EB762700964404 /* UIKit.framework in Frameworks */,
				BE1619D518EB762700964404 /* Foundation.framework in Frameworks */,
			);
			runOnlyForDeploymentPostprocessing = 0;
		};
/* End PBXFrameworksBuildPhase section */

/* Begin PBXGroup section */
		BE1619AE18EB762700964404 = {
			isa = PBXGroup;
			children = (
				BE1619C018EB762700964404 /* GetStarted */,
				BE1619D918EB762700964404 /* GetStartedTests */,
				BE1619B918EB762700964404 /* Frameworks */,
				BE1619B818EB762700964404 /* Products */,
				99382468C2D14A708BC65F21 /* Pods.xcconfig */,
			);
			sourceTree = "<group>";
		};
		BE1619B818EB762700964404 /* Products */ = {
			isa = PBXGroup;
			children = (
				BE1619B718EB762700964404 /* GetStarted.app */,
				BE1619D218EB762700964404 /* GetStartedTests.xctest */,
			);
			name = Products;
			sourceTree = "<group>";
		};
		BE1619B918EB762700964404 /* Frameworks */ = {
			isa = PBXGroup;
			children = (
				BE161A7B18EB81ED00964404 /* SystemConfiguration.framework */,
				BE161A7918EB81DF00964404 /* libz.dylib */,
				BE161A7518EB81DB00964404 /* AdSupport.framework */,
				BE161A7618EB81DB00964404 /* CoreData.framework */,
				BE1619BA18EB762700964404 /* Foundation.framework */,
				BE1619BC18EB762700964404 /* CoreGraphics.framework */,
				BE1619BE18EB762700964404 /* UIKit.framework */,
				BE1619D318EB762700964404 /* XCTest.framework */,
				204E856D2B3B45B789BB0B2A /* libPods.a */,
			);
			name = Frameworks;
			sourceTree = "<group>";
		};
		BE1619C018EB762700964404 /* GetStarted */ = {
			isa = PBXGroup;
			children = (
				BE1619C918EB762700964404 /* AppDelegate.h */,
				BE1619CA18EB762700964404 /* AppDelegate.m */,
				BE1619EE18EB7D0F00964404 /* Constants.h */,
				BE1619EF18EB7D0F00964404 /* Constants.m */,
				BE1619E918EB7C9000964404 /* Views */,
				BE1619EC18EB7CD600964404 /* DataSource */,
				BE1619ED18EB7CE900964404 /* Models */,
				BE1619EA18EB7CAC00964404 /* Classes */,
				BE1619EB18EB7CC100964404 /* 3rdParty */,
				BE1619CC18EB762700964404 /* Images.xcassets */,
				BE1619C118EB762700964404 /* Supporting Files */,
			);
			path = GetStarted;
			sourceTree = "<group>";
		};
		BE1619C118EB762700964404 /* Supporting Files */ = {
			isa = PBXGroup;
			children = (
				BE1619C218EB762700964404 /* GetStarted-Info.plist */,
				BE1619C318EB762700964404 /* InfoPlist.strings */,
				BE1619C618EB762700964404 /* main.m */,
				BE1619C818EB762700964404 /* GetStarted-Prefix.pch */,
			);
			name = "Supporting Files";
			sourceTree = "<group>";
		};
		BE1619D918EB762700964404 /* GetStartedTests */ = {
			isa = PBXGroup;
			children = (
				BE1619DF18EB762700964404 /* GetStartedTests.m */,
				BE1619DA18EB762700964404 /* Supporting Files */,
			);
			path = GetStartedTests;
			sourceTree = "<group>";
		};
		BE1619DA18EB762700964404 /* Supporting Files */ = {
			isa = PBXGroup;
			children = (
				BE1619DB18EB762700964404 /* GetStartedTests-Info.plist */,
				BE1619DC18EB762700964404 /* InfoPlist.strings */,
			);
			name = "Supporting Files";
			sourceTree = "<group>";
		};
		BE1619E918EB7C9000964404 /* Views */ = {
			isa = PBXGroup;
			children = (
			);
			path = Views;
			sourceTree = "<group>";
		};
		BE1619EA18EB7CAC00964404 /* Classes */ = {
			isa = PBXGroup;
			children = (
				BE161A3918EB7E2800964404 /* JHiOSAdditions */,
			);
			path = Classes;
			sourceTree = "<group>";
		};
		BE1619EB18EB7CC100964404 /* 3rdParty */ = {
			isa = PBXGroup;
			children = (
				BE1619F118EB7E1800964404 /* CCActionSheet.h */,
				BE1619F218EB7E1800964404 /* CCActionSheet.m */,
				BE1619F318EB7E1800964404 /* DDProgressView.h */,
				BE1619F418EB7E1800964404 /* DDProgressView.m */,
				BE1619F518EB7E1800964404 /* GoogleAnalytics */,
				BE1619FE18EB7E1800964404 /* NGAParallaxMotion.h */,
				BE1619FF18EB7E1800964404 /* NGAParallaxMotion.m */,
				BE161A0018EB7E1800964404 /* SDWebImage */,
				BE161A1E18EB7E1800964404 /* UIView-Positioning */,
			);
			path = 3rdParty;
			sourceTree = "<group>";
		};
		BE1619EC18EB7CD600964404 /* DataSource */ = {
			isa = PBXGroup;
			children = (
			);
			path = DataSource;
			sourceTree = "<group>";
		};
		BE1619ED18EB7CE900964404 /* Models */ = {
			isa = PBXGroup;
			children = (
			);
			path = Models;
			sourceTree = "<group>";
		};
		BE1619F518EB7E1800964404 /* GoogleAnalytics */ = {
			isa = PBXGroup;
			children = (
				BE1619F618EB7E1800964404 /* GAI.h */,
				BE1619F718EB7E1800964404 /* GAIDictionaryBuilder.h */,
				BE1619F818EB7E1800964404 /* GAIFields.h */,
				BE1619F918EB7E1800964404 /* GAILogger.h */,
				BE1619FA18EB7E1800964404 /* GAITrackedViewController.h */,
				BE1619FB18EB7E1800964404 /* GAITracker.h */,
				BE1619FC18EB7E1800964404 /* libGoogleAnalytics_debug.a */,
				BE1619FD18EB7E1800964404 /* libGoogleAnalyticsServices.a */,
			);
			path = GoogleAnalytics;
			sourceTree = "<group>";
		};
		BE161A0018EB7E1800964404 /* SDWebImage */ = {
			isa = PBXGroup;
			children = (
				BE161A0118EB7E1800964404 /* MKAnnotationView+WebCache.h */,
				BE161A0218EB7E1800964404 /* MKAnnotationView+WebCache.m */,
				BE161A0318EB7E1800964404 /* NSData+GIF.h */,
				BE161A0418EB7E1800964404 /* NSData+GIF.m */,
				BE161A0518EB7E1800964404 /* SDImageCache.h */,
				BE161A0618EB7E1800964404 /* SDImageCache.m */,
				BE161A0718EB7E1800964404 /* SDWebImageCompat.h */,
				BE161A0818EB7E1800964404 /* SDWebImageCompat.m */,
				BE161A0918EB7E1800964404 /* SDWebImageDecoder.h */,
				BE161A0A18EB7E1800964404 /* SDWebImageDecoder.m */,
				BE161A0B18EB7E1800964404 /* SDWebImageDownloader.h */,
				BE161A0C18EB7E1800964404 /* SDWebImageDownloader.m */,
				BE161A0D18EB7E1800964404 /* SDWebImageDownloaderOperation.h */,
				BE161A0E18EB7E1800964404 /* SDWebImageDownloaderOperation.m */,
				BE161A0F18EB7E1800964404 /* SDWebImageManager.h */,
				BE161A1018EB7E1800964404 /* SDWebImageManager.m */,
				BE161A1118EB7E1800964404 /* SDWebImageOperation.h */,
				BE161A1218EB7E1800964404 /* SDWebImagePrefetcher.h */,
				BE161A1318EB7E1800964404 /* SDWebImagePrefetcher.m */,
				BE161A1418EB7E1800964404 /* UIButton+WebCache.h */,
				BE161A1518EB7E1800964404 /* UIButton+WebCache.m */,
				BE161A1618EB7E1800964404 /* UIImage+GIF.h */,
				BE161A1718EB7E1800964404 /* UIImage+GIF.m */,
				BE161A1818EB7E1800964404 /* UIImage+MultiFormat.h */,
				BE161A1918EB7E1800964404 /* UIImage+MultiFormat.m */,
				BE161A1A18EB7E1800964404 /* UIImage+WebP.h */,
				BE161A1B18EB7E1800964404 /* UIImage+WebP.m */,
				BE161A1C18EB7E1800964404 /* UIImageView+WebCache.h */,
				BE161A1D18EB7E1800964404 /* UIImageView+WebCache.m */,
			);
			path = SDWebImage;
			sourceTree = "<group>";
		};
		BE161A1E18EB7E1800964404 /* UIView-Positioning */ = {
			isa = PBXGroup;
			children = (
				BE161A1F18EB7E1800964404 /* LICENSE */,
				BE161A2018EB7E1800964404 /* README.md */,
				BE161A2118EB7E1800964404 /* UIView+Positioning.h */,
				BE161A2218EB7E1800964404 /* UIView+Positioning.m */,
			);
			path = "UIView-Positioning";
			sourceTree = "<group>";
		};
		BE161A3918EB7E2800964404 /* JHiOSAdditions */ = {
			isa = PBXGroup;
			children = (
				BE161A3A18EB7E2800964404 /* Categories */,
				BE161A4C18EB7E2800964404 /* Helpers */,
				BE161A4F18EB7E2800964404 /* JHiOSAdditions.h */,
				BE161A5018EB7E2800964404 /* UI */,
				BE161A6118EB7E2800964404 /* Utility */,
			);
			path = JHiOSAdditions;
			sourceTree = "<group>";
		};
		BE161A3A18EB7E2800964404 /* Categories */ = {
			isa = PBXGroup;
			children = (
				BE161A3B18EB7E2800964404 /* JHExtras.h */,
				BE161A3C18EB7E2800964404 /* NSDate+JHExtras.h */,
				BE161A3D18EB7E2800964404 /* NSDate+JHExtras.m */,
				BE161A3E18EB7E2800964404 /* NSMutableArray+JHExtras.h */,
				BE161A3F18EB7E2800964404 /* NSMutableArray+JHExtras.m */,
				BE161A4018EB7E2800964404 /* NSObject+JHExtras.h */,
				BE161A4118EB7E2800964404 /* NSObject+JHExtras.m */,
				BE161A4218EB7E2800964404 /* NSString+JHExtras.h */,
				BE161A4318EB7E2800964404 /* NSString+JHExtras.m */,
				BE161A4418EB7E2800964404 /* UIBarButtonItem+JHExtras.h */,
				BE161A4518EB7E2800964404 /* UIBarButtonItem+JHExtras.m */,
				BE161A4618EB7E2800964404 /* UIColor+JHExtras.h */,
				BE161A4718EB7E2800964404 /* UIColor+JHExtras.m */,
				BE161A4818EB7E2800964404 /* UIImage+JHExtras.h */,
				BE161A4918EB7E2800964404 /* UIImage+JHExtras.m */,
				BE161A4A18EB7E2800964404 /* UITableView+JHExtras.h */,
				BE161A4B18EB7E2800964404 /* UITableView+JHExtras.m */,
			);
			path = Categories;
			sourceTree = "<group>";
		};
		BE161A4C18EB7E2800964404 /* Helpers */ = {
			isa = PBXGroup;
			children = (
				BE161A4D18EB7E2800964404 /* SafeARC.h */,
				BE161A4E18EB7E2800964404 /* SynthesizeSingleton.h */,
			);
			path = Helpers;
			sourceTree = "<group>";
		};
		BE161A5018EB7E2800964404 /* UI */ = {
			isa = PBXGroup;
			children = (
				BE161A5118EB7E2800964404 /* JHAutosizingLabel.h */,
				BE161A5218EB7E2800964404 /* JHAutosizingLabel.m */,
				BE161A5318EB7E2800964404 /* JHSlideViewController.h */,
				BE161A5418EB7E2800964404 /* JHSlideViewController.m */,
				BE161A5518EB7E2800964404 /* JHTableViewController.h */,
				BE161A5618EB7E2800964404 /* JHTableViewController.m */,
				BE161A5718EB7E2800964404 /* JHViewController.h */,
				BE161A5818EB7E2800964404 /* JHViewController.m */,
				BE161A5918EB7E2800964404 /* PRPAlertView.h */,
				BE161A5A18EB7E2800964404 /* PRPAlertView.m */,
				BE161A5B18EB7E2800964404 /* PRPNibBasedTableViewCell.h */,
				BE161A5C18EB7E2800964404 /* PRPNibBasedTableViewCell.m */,
				BE161A5F18EB7E2800964404 /* PRPSmartTableViewCell.h */,
				BE161A6018EB7E2800964404 /* PRPSmartTableViewCell.m */,
			);
			path = UI;
			sourceTree = "<group>";
		};
		BE161A6118EB7E2800964404 /* Utility */ = {
			isa = PBXGroup;
			children = (
				BE161A6218EB7E2800964404 /* JHBeSocial.h */,
				BE161A6318EB7E2800964404 /* JHBeSocial.m */,
			);
			path = Utility;
			sourceTree = "<group>";
		};
/* End PBXGroup section */

/* Begin PBXNativeTarget section */
		BE1619B618EB762700964404 /* GetStarted */ = {
			isa = PBXNativeTarget;
			buildConfigurationList = BE1619E318EB762700964404 /* Build configuration list for PBXNativeTarget "GetStarted" */;
			buildPhases = (
				1ACD909A2B8346D79331E292 /* Check Pods Manifest.lock */,
				BE1619B318EB762700964404 /* Sources */,
				BE1619B418EB762700964404 /* Frameworks */,
				BE1619B518EB762700964404 /* Resources */,
				7B783FEF85164C6BA8852F49 /* Copy Pods Resources */,
			);
			buildRules = (
			);
			dependencies = (
			);
			name = GetStarted;
			productName = GetStarted;
			productReference = BE1619B718EB762700964404 /* GetStarted.app */;
			productType = "com.apple.product-type.application";
		};
		BE1619D118EB762700964404 /* GetStartedTests */ = {
			isa = PBXNativeTarget;
			buildConfigurationList = BE1619E618EB762700964404 /* Build configuration list for PBXNativeTarget "GetStartedTests" */;
			buildPhases = (
				BE1619CE18EB762700964404 /* Sources */,
				BE1619CF18EB762700964404 /* Frameworks */,
				BE1619D018EB762700964404 /* Resources */,
			);
			buildRules = (
			);
			dependencies = (
				BE1619D818EB762700964404 /* PBXTargetDependency */,
			);
			name = GetStartedTests;
			productName = GetStartedTests;
			productReference = BE1619D218EB762700964404 /* GetStartedTests.xctest */;
			productType = "com.apple.product-type.bundle.unit-test";
		};
/* End PBXNativeTarget section */

/* Begin PBXProject section */
		BE1619AF18EB762700964404 /* Project object */ = {
			isa = PBXProject;
			attributes = {
				LastUpgradeCheck = 0510;
				TargetAttributes = {
					BE1619D118EB762700964404 = {
						TestTargetID = BE1619B618EB762700964404;
					};
				};
			};
			buildConfigurationList = BE1619B218EB762700964404 /* Build configuration list for PBXProject "GetStarted" */;
			compatibilityVersion = "Xcode 3.2";
			developmentRegion = English;
			hasScannedForEncodings = 0;
			knownRegions = (
				en,
			);
			mainGroup = BE1619AE18EB762700964404;
			productRefGroup = BE1619B818EB762700964404 /* Products */;
			projectDirPath = "";
			projectRoot = "";
			targets = (
				BE1619B618EB762700964404 /* GetStarted */,
				BE1619D118EB762700964404 /* GetStartedTests */,
			);
		};
/* End PBXProject section */

/* Begin PBXResourcesBuildPhase section */
		BE1619B518EB762700964404 /* Resources */ = {
			isa = PBXResourcesBuildPhase;
			buildActionMask = 2147483647;
			files = (
				BE161A3618EB7E1800964404 /* LICENSE in Resources */,
				BE1619C518EB762700964404 /* InfoPlist.strings in Resources */,
				BE161A3718EB7E1800964404 /* README.md in Resources */,
				BE1619CD18EB762700964404 /* Images.xcassets in Resources */,
			);
			runOnlyForDeploymentPostprocessing = 0;
		};
		BE1619D018EB762700964404 /* Resources */ = {
			isa = PBXResourcesBuildPhase;
			buildActionMask = 2147483647;
			files = (
				BE1619DE18EB762700964404 /* InfoPlist.strings in Resources */,
			);
			runOnlyForDeploymentPostprocessing = 0;
		};
/* End PBXResourcesBuildPhase section */

/* Begin PBXShellScriptBuildPhase section */
		1ACD909A2B8346D79331E292 /* Check Pods Manifest.lock */ = {
			isa = PBXShellScriptBuildPhase;
			buildActionMask = 2147483647;
			files = (
			);
			inputPaths = (
			);
			name = "Check Pods Manifest.lock";
			outputPaths = (
			);
			runOnlyForDeploymentPostprocessing = 0;
			shellPath = /bin/sh;
			shellScript = "diff \"${PODS_ROOT}/../Podfile.lock\" \"${PODS_ROOT}/Manifest.lock\" > /dev/null\nif [[ $? != 0 ]] ; then\n    cat << EOM\nerror: The sandbox is not in sync with the Podfile.lock. Run 'pod install' or update your CocoaPods installation.\nEOM\n    exit 1\nfi\n";
			showEnvVarsInLog = 0;
		};
		7B783FEF85164C6BA8852F49 /* Copy Pods Resources */ = {
			isa = PBXShellScriptBuildPhase;
			buildActionMask = 2147483647;
			files = (
			);
			inputPaths = (
			);
			name = "Copy Pods Resources";
			outputPaths = (
			);
			runOnlyForDeploymentPostprocessing = 0;
			shellPath = /bin/sh;
			shellScript = "\"${SRCROOT}/Pods/Pods-resources.sh\"\n";
			showEnvVarsInLog = 0;
		};
/* End PBXShellScriptBuildPhase section */

/* Begin PBXSourcesBuildPhase section */
		BE1619B318EB762700964404 /* Sources */ = {
			isa = PBXSourcesBuildPhase;
			buildActionMask = 2147483647;
			files = (
				BE1619CB18EB762700964404 /* AppDelegate.m in Sources */,
				BE161A2F18EB7E1800964404 /* SDWebImageManager.m in Sources */,
				BE161A3518EB7E1800964404 /* UIImageView+WebCache.m in Sources */,
				BE161A6418EB7E2800964404 /* NSDate+JHExtras.m in Sources */,
				BE161A2A18EB7E1800964404 /* SDImageCache.m in Sources */,
				BE161A2E18EB7E1800964404 /* SDWebImageDownloaderOperation.m in Sources */,
				BE161A2718EB7E1800964404 /* NGAParallaxMotion.m in Sources */,
				BE161A3118EB7E1800964404 /* UIButton+WebCache.m in Sources */,
				BE161A6518EB7E2800964404 /* NSMutableArray+JHExtras.m in Sources */,
				BE161A6718EB7E2800964404 /* NSString+JHExtras.m in Sources */,
				BE161A7318EB7E2800964404 /* PRPSmartTableViewCell.m in Sources */,
				BE161A7018EB7E2800964404 /* PRPAlertView.m in Sources */,
				BE161A6A18EB7E2800964404 /* UIImage+JHExtras.m in Sources */,
				BE161A6E18EB7E2800964404 /* JHTableViewController.m in Sources */,
				BE1619C718EB762700964404 /* main.m in Sources */,
				BE161A3018EB7E1800964404 /* SDWebImagePrefetcher.m in Sources */,
				BE161A6D18EB7E2800964404 /* JHSlideViewController.m in Sources */,
				BE161A2D18EB7E1800964404 /* SDWebImageDownloader.m in Sources */,
				BE161A6818EB7E2800964404 /* UIBarButtonItem+JHExtras.m in Sources */,
				BE161A6B18EB7E2800964404 /* UITableView+JHExtras.m in Sources */,
				BE161A2918EB7E1800964404 /* NSData+GIF.m in Sources */,
				BE161A6C18EB7E2800964404 /* JHAutosizingLabel.m in Sources */,
				BE161A3418EB7E1800964404 /* UIImage+WebP.m in Sources */,
				BE161A2C18EB7E1800964404 /* SDWebImageDecoder.m in Sources */,
				BE1619F018EB7D0F00964404 /* Constants.m in Sources */,
				BE161A6918EB7E2800964404 /* UIColor+JHExtras.m in Sources */,
				BE161A7418EB7E2800964404 /* JHBeSocial.m in Sources */,
				BE161A7118EB7E2800964404 /* PRPNibBasedTableViewCell.m in Sources */,
				BE161A2818EB7E1800964404 /* MKAnnotationView+WebCache.m in Sources */,
				BE161A2B18EB7E1800964404 /* SDWebImageCompat.m in Sources */,
				BE161A6618EB7E2800964404 /* NSObject+JHExtras.m in Sources */,
				BE161A3818EB7E1800964404 /* UIView+Positioning.m in Sources */,
				BE161A6F18EB7E2800964404 /* JHViewController.m in Sources */,
				BE161A2318EB7E1800964404 /* CCActionSheet.m in Sources */,
				BE161A2418EB7E1800964404 /* DDProgressView.m in Sources */,
				BE161A3318EB7E1800964404 /* UIImage+MultiFormat.m in Sources */,
				BE161A3218EB7E1800964404 /* UIImage+GIF.m in Sources */,
			);
			runOnlyForDeploymentPostprocessing = 0;
		};
		BE1619CE18EB762700964404 /* Sources */ = {
			isa = PBXSourcesBuildPhase;
			buildActionMask = 2147483647;
			files = (
				BE1619E018EB762700964404 /* GetStartedTests.m in Sources */,
			);
			runOnlyForDeploymentPostprocessing = 0;
		};
/* End PBXSourcesBuildPhase section */

/* Begin PBXTargetDependency section */
		BE1619D818EB762700964404 /* PBXTargetDependency */ = {
			isa = PBXTargetDependency;
			target = BE1619B618EB762700964404 /* GetStarted */;
			targetProxy = BE1619D718EB762700964404 /* PBXContainerItemProxy */;
		};
/* End PBXTargetDependency section */

/* Begin PBXVariantGroup section */
		BE1619C318EB762700964404 /* InfoPlist.strings */ = {
			isa = PBXVariantGroup;
			children = (
				BE1619C418EB762700964404 /* en */,
			);
			name = InfoPlist.strings;
			sourceTree = "<group>";
		};
		BE1619DC18EB762700964404 /* InfoPlist.strings */ = {
			isa = PBXVariantGroup;
			children = (
				BE1619DD18EB762700964404 /* en */,
			);
			name = InfoPlist.strings;
			sourceTree = "<group>";
		};
/* End PBXVariantGroup section */

/* Begin XCBuildConfiguration section */
		BE1619E118EB762700964404 /* Debug */ = {
			isa = XCBuildConfiguration;
			buildSettings = {
				ALWAYS_SEARCH_USER_PATHS = NO;
				CLANG_CXX_LANGUAGE_STANDARD = "gnu++0x";
				CLANG_CXX_LIBRARY = "libc++";
				CLANG_ENABLE_MODULES = YES;
				CLANG_ENABLE_OBJC_ARC = YES;
				CLANG_WARN_BOOL_CONVERSION = YES;
				CLANG_WARN_CONSTANT_CONVERSION = YES;
				CLANG_WARN_DIRECT_OBJC_ISA_USAGE = YES_ERROR;
				CLANG_WARN_EMPTY_BODY = YES;
				CLANG_WARN_ENUM_CONVERSION = YES;
				CLANG_WARN_INT_CONVERSION = YES;
				CLANG_WARN_OBJC_ROOT_CLASS = YES_ERROR;
				CLANG_WARN__DUPLICATE_METHOD_MATCH = YES;
				"CODE_SIGN_IDENTITY[sdk=iphoneos*]" = "iPhone Developer";
				COPY_PHASE_STRIP = NO;
				GCC_C_LANGUAGE_STANDARD = gnu99;
				GCC_DYNAMIC_NO_PIC = NO;
				GCC_OPTIMIZATION_LEVEL = 0;
				GCC_PREPROCESSOR_DEFINITIONS = (
					"DEBUG=1",
					"$(inherited)",
				);
				GCC_SYMBOLS_PRIVATE_EXTERN = NO;
				GCC_WARN_64_TO_32_BIT_CONVERSION = YES;
				GCC_WARN_ABOUT_RETURN_TYPE = YES_ERROR;
				GCC_WARN_UNDECLARED_SELECTOR = YES;
				GCC_WARN_UNINITIALIZED_AUTOS = YES_AGGRESSIVE;
				GCC_WARN_UNUSED_FUNCTION = YES;
				GCC_WARN_UNUSED_VARIABLE = YES;
				IPHONEOS_DEPLOYMENT_TARGET = 7.1;
				ONLY_ACTIVE_ARCH = YES;
				SDKROOT = iphoneos;
				TARGETED_DEVICE_FAMILY = "1,2";
			};
			name = Debug;
		};
		BE1619E218EB762700964404 /* Release */ = {
			isa = XCBuildConfiguration;
			buildSettings = {
				ALWAYS_SEARCH_USER_PATHS = NO;
				CLANG_CXX_LANGUAGE_STANDARD = "gnu++0x";
				CLANG_CXX_LIBRARY = "libc++";
				CLANG_ENABLE_MODULES = YES;
				CLANG_ENABLE_OBJC_ARC = YES;
				CLANG_WARN_BOOL_CONVERSION = YES;
				CLANG_WARN_CONSTANT_CONVERSION = YES;
				CLANG_WARN_DIRECT_OBJC_ISA_USAGE = YES_ERROR;
				CLANG_WARN_EMPTY_BODY = YES;
				CLANG_WARN_ENUM_CONVERSION = YES;
				CLANG_WARN_INT_CONVERSION = YES;
				CLANG_WARN_OBJC_ROOT_CLASS = YES_ERROR;
				CLANG_WARN__DUPLICATE_METHOD_MATCH = YES;
				"CODE_SIGN_IDENTITY[sdk=iphoneos*]" = "iPhone Developer";
				COPY_PHASE_STRIP = YES;
				ENABLE_NS_ASSERTIONS = NO;
				GCC_C_LANGUAGE_STANDARD = gnu99;
				GCC_WARN_64_TO_32_BIT_CONVERSION = YES;
				GCC_WARN_ABOUT_RETURN_TYPE = YES_ERROR;
				GCC_WARN_UNDECLARED_SELECTOR = YES;
				GCC_WARN_UNINITIALIZED_AUTOS = YES_AGGRESSIVE;
				GCC_WARN_UNUSED_FUNCTION = YES;
				GCC_WARN_UNUSED_VARIABLE = YES;
				IPHONEOS_DEPLOYMENT_TARGET = 7.1;
				SDKROOT = iphoneos;
				TARGETED_DEVICE_FAMILY = "1,2";
				VALIDATE_PRODUCT = YES;
			};
			name = Release;
		};
		BE1619E418EB762700964404 /* Debug */ = {
			isa = XCBuildConfiguration;
			baseConfigurationReference = 99382468C2D14A708BC65F21 /* Pods.xcconfig */;
			buildSettings = {
				ASSETCATALOG_COMPILER_APPICON_NAME = AppIcon;
				ASSETCATALOG_COMPILER_LAUNCHIMAGE_NAME = LaunchImage;
				GCC_PRECOMPILE_PREFIX_HEADER = YES;
				GCC_PREFIX_HEADER = "GetStarted/GetStarted-Prefix.pch";
				INFOPLIST_FILE = "GetStarted/GetStarted-Info.plist";
				LIBRARY_SEARCH_PATHS = (
					"$(inherited)",
					"$(PROJECT_DIR)/3rdParty/GoogleAnalytics",
				);
				PRODUCT_NAME = "$(TARGET_NAME)";
				WRAPPER_EXTENSION = app;
			};
			name = Debug;
		};
		BE1619E518EB762700964404 /* Release */ = {
			isa = XCBuildConfiguration;
			baseConfigurationReference = 99382468C2D14A708BC65F21 /* Pods.xcconfig */;
			buildSettings = {
				ASSETCATALOG_COMPILER_APPICON_NAME = AppIcon;
				ASSETCATALOG_COMPILER_LAUNCHIMAGE_NAME = LaunchImage;
				GCC_PRECOMPILE_PREFIX_HEADER = YES;
				GCC_PREFIX_HEADER = "GetStarted/GetStarted-Prefix.pch";
				INFOPLIST_FILE = "GetStarted/GetStarted-Info.plist";
				LIBRARY_SEARCH_PATHS = (
					"$(inherited)",
					"$(PROJECT_DIR)/3rdParty/GoogleAnalytics",
				);
				PRODUCT_NAME = "$(TARGET_NAME)";
				WRAPPER_EXTENSION = app;
			};
			name = Release;
		};
		BE1619E718EB762700964404 /* Debug */ = {
			isa = XCBuildConfiguration;
			buildSettings = {
				BUNDLE_LOADER = "$(BUILT_PRODUCTS_DIR)/GetStarted.app/GetStarted";
				FRAMEWORK_SEARCH_PATHS = (
					"$(SDKROOT)/Developer/Library/Frameworks",
					"$(inherited)",
					"$(DEVELOPER_FRAMEWORKS_DIR)",
				);
				GCC_PRECOMPILE_PREFIX_HEADER = YES;
				GCC_PREFIX_HEADER = "GetStarted/GetStarted-Prefix.pch";
				GCC_PREPROCESSOR_DEFINITIONS = (
					"DEBUG=1",
					"$(inherited)",
				);
				INFOPLIST_FILE = "GetStartedTests/GetStartedTests-Info.plist";
				PRODUCT_NAME = "$(TARGET_NAME)";
				TEST_HOST = "$(BUNDLE_LOADER)";
				WRAPPER_EXTENSION = xctest;
			};
			name = Debug;
		};
		BE1619E818EB762700964404 /* Release */ = {
			isa = XCBuildConfiguration;
			buildSettings = {
				BUNDLE_LOADER = "$(BUILT_PRODUCTS_DIR)/GetStarted.app/GetStarted";
				FRAMEWORK_SEARCH_PATHS = (
					"$(SDKROOT)/Developer/Library/Frameworks",
					"$(inherited)",
					"$(DEVELOPER_FRAMEWORKS_DIR)",
				);
				GCC_PRECOMPILE_PREFIX_HEADER = YES;
				GCC_PREFIX_HEADER = "GetStarted/GetStarted-Prefix.pch";
				INFOPLIST_FILE = "GetStartedTests/GetStartedTests-Info.plist";
				PRODUCT_NAME = "$(TARGET_NAME)";
				TEST_HOST = "$(BUNDLE_LOADER)";
				WRAPPER_EXTENSION = xctest;
			};
			name = Release;
		};
/* End XCBuildConfiguration section */

/* Begin XCConfigurationList section */
		BE1619B218EB762700964404 /* Build configuration list for PBXProject "GetStarted" */ = {
			isa = XCConfigurationList;
			buildConfigurations = (
				BE1619E118EB762700964404 /* Debug */,
				BE1619E218EB762700964404 /* Release */,
			);
			defaultConfigurationIsVisible = 0;
			defaultConfigurationName = Release;
		};
		BE1619E318EB762700964404 /* Build configuration list for PBXNativeTarget "GetStarted" */ = {
			isa = XCConfigurationList;
			buildConfigurations = (
				BE1619E418EB762700964404 /* Debug */,
				BE1619E518EB762700964404 /* Release */,
			);
			defaultConfigurationIsVisible = 0;
			defaultConfigurationName = Release;
		};
		BE1619E618EB762700964404 /* Build configuration list for PBXNativeTarget "GetStartedTests" */ = {
			isa = XCConfigurationList;
			buildConfigurations = (
				BE1619E718EB762700964404 /* Debug */,
				BE1619E818EB762700964404 /* Release */,
			);
			defaultConfigurationIsVisible = 0;
			defaultConfigurationName = Release;
		};
/* End XCConfigurationList section */
	};
	rootObject = BE1619AF18EB762700964404 /* Project object */;
}
