// !$*UTF8*$!
{
	archiveVersion = 1;
	classes = {
	};
	objectVersion = 46;
	objects = {

/* Begin PBXBuildFile section */
		BE1619BB18EB762700964404 /* Foundation.framework in Frameworks */ = {isa = PBXBuildFile; fileRef = BE1619BA18EB762700964404 /* Foundation.framework */; };
		BE1619BD18EB762700964404 /* CoreGraphics.framework in Frameworks */ = {isa = PBXBuildFile; fileRef = BE1619BC18EB762700964404 /* CoreGraphics.framework */; };
		BE1619BF18EB762700964404 /* UIKit.framework in Frameworks */ = {isa = PBXBuildFile; fileRef = BE1619BE18EB762700964404 /* UIKit.framework */; };
		BE1619C518EB762700964404 /* InfoPlist.strings in Resources */ = {isa = PBXBuildFile; fileRef = BE1619C318EB762700964404 /* InfoPlist.strings */; };
		BE1619C718EB762700964404 /* main.m in Sources */ = {isa = PBXBuildFile; fileRef = BE1619C618EB762700964404 /* main.m */; };
		BE1619CB18EB762700964404 /* AppDelegate.m in Sources */ = {isa = PBXBuildFile; fileRef = BE1619CA18EB762700964404 /* AppDelegate.m */; };
		BE1619CD18EB762700964404 /* Images.xcassets in Resources */ = {isa = PBXBuildFile; fileRef = BE1619CC18EB762700964404 /* Images.xcassets */; };
		BE1619D418EB762700964404 /* XCTest.framework in Frameworks */ = {isa = PBXBuildFile; fileRef = BE1619D318EB762700964404 /* XCTest.framework */; };
		BE1619D518EB762700964404 /* Foundation.framework in Frameworks */ = {isa = PBXBuildFile; fileRef = BE1619BA18EB762700964404 /* Foundation.framework */; };
		BE1619D618EB762700964404 /* UIKit.framework in Frameworks */ = {isa = PBXBuildFile; fileRef = BE1619BE18EB762700964404 /* UIKit.framework */; };
		BE1619DE18EB762700964404 /* InfoPlist.strings in Resources */ = {isa = PBXBuildFile; fileRef = BE1619DC18EB762700964404 /* InfoPlist.strings */; };
		BE1619E018EB762700964404 /* GetStartedTests.m in Sources */ = {isa = PBXBuildFile; fileRef = BE1619DF18EB762700964404 /* GetStartedTests.m */; };
/* End PBXBuildFile section */

/* Begin PBXContainerItemProxy section */
		BE1619D718EB762700964404 /* PBXContainerItemProxy */ = {
			isa = PBXContainerItemProxy;
			containerPortal = BE1619AF18EB762700964404 /* Project object */;
			proxyType = 1;
			remoteGlobalIDString = BE1619B618EB762700964404;
			remoteInfo = GetStarted;
		};
/* End PBXContainerItemProxy section */

/* Begin PBXFileReference section */
		BE1619B718EB762700964404 /* GetStarted.app */ = {isa = PBXFileReference; explicitFileType = wrapper.application; includeInIndex = 0; path = GetStarted.app; sourceTree = BUILT_PRODUCTS_DIR; };
		BE1619BA18EB762700964404 /* Foundation.framework */ = {isa = PBXFileReference; lastKnownFileType = wrapper.framework; name = Foundation.framework; path = System/Library/Frameworks/Foundation.framework; sourceTree = SDKROOT; };
		BE1619BC18EB762700964404 /* CoreGraphics.framework */ = {isa = PBXFileReference; lastKnownFileType = wrapper.framework; name = CoreGraphics.framework; path = System/Library/Frameworks/CoreGraphics.framework; sourceTree = SDKROOT; };
		BE1619BE18EB762700964404 /* UIKit.framework */ = {isa = PBXFileReference; lastKnownFileType = wrapper.framework; name = UIKit.framework; path = System/Library/Frameworks/UIKit.framework; sourceTree = SDKROOT; };
		BE1619C218EB762700964404 /* GetStarted-Info.plist */ = {isa = PBXFileReference; lastKnownFileType = text.plist.xml; path = "GetStarted-Info.plist"; sourceTree = "<group>"; };
		BE1619C418EB762700964404 /* en */ = {isa = PBXFileReference; lastKnownFileType = text.plist.strings; name = en; path = en.lproj/InfoPlist.strings; sourceTree = "<group>"; };
		BE1619C618EB762700964404 /* main.m */ = {isa = PBXFileReference; lastKnownFileType = sourcecode.c.objc; path = main.m; sourceTree = "<group>"; };
		BE1619C818EB762700964404 /* GetStarted-Prefix.pch */ = {isa = PBXFileReference; lastKnownFileType = sourcecode.c.h; path = "GetStarted-Prefix.pch"; sourceTree = "<group>"; };
		BE1619C918EB762700964404 /* AppDelegate.h */ = {isa = PBXFileReference; lastKnownFileType = sourcecode.c.h; path = AppDelegate.h; sourceTree = "<group>"; };
		BE1619CA18EB762700964404 /* AppDelegate.m */ = {isa = PBXFileReference; lastKnownFileType = sourcecode.c.objc; path = AppDelegate.m; sourceTree = "<group>"; };
		BE1619CC18EB762700964404 /* Images.xcassets */ = {isa = PBXFileReference; lastKnownFileType = folder.assetcatalog; path = Images.xcassets; sourceTree = "<group>"; };
		BE1619D218EB762700964404 /* GetStartedTests.xctest */ = {isa = PBXFileReference; explicitFileType = wrapper.cfbundle; includeInIndex = 0; path = GetStartedTests.xctest; sourceTree = BUILT_PRODUCTS_DIR; };
		BE1619D318EB762700964404 /* XCTest.framework */ = {isa = PBXFileReference; lastKnownFileType = wrapper.framework; name = XCTest.framework; path = Library/Frameworks/XCTest.framework; sourceTree = DEVELOPER_DIR; };
		BE1619DB18EB762700964404 /* GetStartedTests-Info.plist */ = {isa = PBXFileReference; lastKnownFileType = text.plist.xml; path = "GetStartedTests-Info.plist"; sourceTree = "<group>"; };
		BE1619DD18EB762700964404 /* en */ = {isa = PBXFileReference; lastKnownFileType = text.plist.strings; name = en; path = en.lproj/InfoPlist.strings; sourceTree = "<group>"; };
		BE1619DF18EB762700964404 /* GetStartedTests.m */ = {isa = PBXFileReference; lastKnownFileType = sourcecode.c.objc; path = GetStartedTests.m; sourceTree = "<group>"; };
/* End PBXFileReference section */

/* Begin PBXFrameworksBuildPhase section */
		BE1619B418EB762700964404 /* Frameworks */ = {
			isa = PBXFrameworksBuildPhase;
			buildActionMask = 2147483647;
			files = (
				BE1619BD18EB762700964404 /* CoreGraphics.framework in Frameworks */,
				BE1619BF18EB762700964404 /* UIKit.framework in Frameworks */,
				BE1619BB18EB762700964404 /* Foundation.framework in Frameworks */,
			);
			runOnlyForDeploymentPostprocessing = 0;
		};
		BE1619CF18EB762700964404 /* Frameworks */ = {
			isa = PBXFrameworksBuildPhase;
			buildActionMask = 2147483647;
			files = (
				BE1619D418EB762700964404 /* XCTest.framework in Frameworks */,
				BE1619D618EB762700964404 /* UIKit.framework in Frameworks */,
				BE1619D518EB762700964404 /* Foundation.framework in Frameworks */,
			);
			runOnlyForDeploymentPostprocessing = 0;
		};
/* End PBXFrameworksBuildPhase section */

/* Begin PBXGroup section */
		BE1619AE18EB762700964404 = {
			isa = PBXGroup;
			children = (
				BE1619C018EB762700964404 /* GetStarted */,
				BE1619D918EB762700964404 /* GetStartedTests */,
				BE1619B918EB762700964404 /* Frameworks */,
				BE1619B818EB762700964404 /* Products */,
			);
			sourceTree = "<group>";
		};
		BE1619B818EB762700964404 /* Products */ = {
			isa = PBXGroup;
			children = (
				BE1619B718EB762700964404 /* GetStarted.app */,
				BE1619D218EB762700964404 /* GetStartedTests.xctest */,
			);
			name = Products;
			sourceTree = "<group>";
		};
		BE1619B918EB762700964404 /* Frameworks */ = {
			isa = PBXGroup;
			children = (
				BE1619BA18EB762700964404 /* Foundation.framework */,
				BE1619BC18EB762700964404 /* CoreGraphics.framework */,
				BE1619BE18EB762700964404 /* UIKit.framework */,
				BE1619D318EB762700964404 /* XCTest.framework */,
			);
			name = Frameworks;
			sourceTree = "<group>";
		};
		BE1619C018EB762700964404 /* GetStarted */ = {
			isa = PBXGroup;
			children = (
				BE1619C918EB762700964404 /* AppDelegate.h */,
				BE1619CA18EB762700964404 /* AppDelegate.m */,
				BE1619CC18EB762700964404 /* Images.xcassets */,
				BE1619C118EB762700964404 /* Supporting Files */,
			);
			path = GetStarted;
			sourceTree = "<group>";
		};
		BE1619C118EB762700964404 /* Supporting Files */ = {
			isa = PBXGroup;
			children = (
				BE1619C218EB762700964404 /* GetStarted-Info.plist */,
				BE1619C318EB762700964404 /* InfoPlist.strings */,
				BE1619C618EB762700964404 /* main.m */,
				BE1619C818EB762700964404 /* GetStarted-Prefix.pch */,
			);
			name = "Supporting Files";
			sourceTree = "<group>";
		};
		BE1619D918EB762700964404 /* GetStartedTests */ = {
			isa = PBXGroup;
			children = (
				BE1619DF18EB762700964404 /* GetStartedTests.m */,
				BE1619DA18EB762700964404 /* Supporting Files */,
			);
			path = GetStartedTests;
			sourceTree = "<group>";
		};
		BE1619DA18EB762700964404 /* Supporting Files */ = {
			isa = PBXGroup;
			children = (
				BE1619DB18EB762700964404 /* GetStartedTests-Info.plist */,
				BE1619DC18EB762700964404 /* InfoPlist.strings */,
			);
			name = "Supporting Files";
			sourceTree = "<group>";
		};
/* End PBXGroup section */

/* Begin PBXNativeTarget section */
		BE1619B618EB762700964404 /* GetStarted */ = {
			isa = PBXNativeTarget;
			buildConfigurationList = BE1619E318EB762700964404 /* Build configuration list for PBXNativeTarget "GetStarted" */;
			buildPhases = (
				BE1619B318EB762700964404 /* Sources */,
				BE1619B418EB762700964404 /* Frameworks */,
				BE1619B518EB762700964404 /* Resources */,
			);
			buildRules = (
			);
			dependencies = (
			);
			name = GetStarted;
			productName = GetStarted;
			productReference = BE1619B718EB762700964404 /* GetStarted.app */;
			productType = "com.apple.product-type.application";
		};
		BE1619D118EB762700964404 /* GetStartedTests */ = {
			isa = PBXNativeTarget;
			buildConfigurationList = BE1619E618EB762700964404 /* Build configuration list for PBXNativeTarget "GetStartedTests" */;
			buildPhases = (
				BE1619CE18EB762700964404 /* Sources */,
				BE1619CF18EB762700964404 /* Frameworks */,
				BE1619D018EB762700964404 /* Resources */,
			);
			buildRules = (
			);
			dependencies = (
				BE1619D818EB762700964404 /* PBXTargetDependency */,
			);
			name = GetStartedTests;
			productName = GetStartedTests;
			productReference = BE1619D218EB762700964404 /* GetStartedTests.xctest */;
			productType = "com.apple.product-type.bundle.unit-test";
		};
/* End PBXNativeTarget section */

/* Begin PBXProject section */
		BE1619AF18EB762700964404 /* Project object */ = {
			isa = PBXProject;
			attributes = {
				LastUpgradeCheck = 0510;
				TargetAttributes = {
					BE1619D118EB762700964404 = {
						TestTargetID = BE1619B618EB762700964404;
					};
				};
			};
			buildConfigurationList = BE1619B218EB762700964404 /* Build configuration list for PBXProject "GetStarted" */;
			compatibilityVersion = "Xcode 3.2";
			developmentRegion = English;
			hasScannedForEncodings = 0;
			knownRegions = (
				en,
			);
			mainGroup = BE1619AE18EB762700964404;
			productRefGroup = BE1619B818EB762700964404 /* Products */;
			projectDirPath = "";
			projectRoot = "";
			targets = (
				BE1619B618EB762700964404 /* GetStarted */,
				BE1619D118EB762700964404 /* GetStartedTests */,
			);
		};
/* End PBXProject section */

/* Begin PBXResourcesBuildPhase section */
		BE1619B518EB762700964404 /* Resources */ = {
			isa = PBXResourcesBuildPhase;
			buildActionMask = 2147483647;
			files = (
				BE1619C518EB762700964404 /* InfoPlist.strings in Resources */,
				BE1619CD18EB762700964404 /* Images.xcassets in Resources */,
			);
			runOnlyForDeploymentPostprocessing = 0;
		};
		BE1619D018EB762700964404 /* Resources */ = {
			isa = PBXResourcesBuildPhase;
			buildActionMask = 2147483647;
			files = (
				BE1619DE18EB762700964404 /* InfoPlist.strings in Resources */,
			);
			runOnlyForDeploymentPostprocessing = 0;
		};
/* End PBXResourcesBuildPhase section */

/* Begin PBXSourcesBuildPhase section */
		BE1619B318EB762700964404 /* Sources */ = {
			isa = PBXSourcesBuildPhase;
			buildActionMask = 2147483647;
			files = (
				BE1619CB18EB762700964404 /* AppDelegate.m in Sources */,
				BE1619C718EB762700964404 /* main.m in Sources */,
			);
			runOnlyForDeploymentPostprocessing = 0;
		};
		BE1619CE18EB762700964404 /* Sources */ = {
			isa = PBXSourcesBuildPhase;
			buildActionMask = 2147483647;
			files = (
				BE1619E018EB762700964404 /* GetStartedTests.m in Sources */,
			);
			runOnlyForDeploymentPostprocessing = 0;
		};
/* End PBXSourcesBuildPhase section */

/* Begin PBXTargetDependency section */
		BE1619D818EB762700964404 /* PBXTargetDependency */ = {
			isa = PBXTargetDependency;
			target = BE1619B618EB762700964404 /* GetStarted */;
			targetProxy = BE1619D718EB762700964404 /* PBXContainerItemProxy */;
		};
/* End PBXTargetDependency section */

/* Begin PBXVariantGroup section */
		BE1619C318EB762700964404 /* InfoPlist.strings */ = {
			isa = PBXVariantGroup;
			children = (
				BE1619C418EB762700964404 /* en */,
			);
			name = InfoPlist.strings;
			sourceTree = "<group>";
		};
		BE1619DC18EB762700964404 /* InfoPlist.strings */ = {
			isa = PBXVariantGroup;
			children = (
				BE1619DD18EB762700964404 /* en */,
			);
			name = InfoPlist.strings;
			sourceTree = "<group>";
		};
/* End PBXVariantGroup section */

/* Begin XCBuildConfiguration section */
		BE1619E118EB762700964404 /* Debug */ = {
			isa = XCBuildConfiguration;
			buildSettings = {
				ALWAYS_SEARCH_USER_PATHS = NO;
				CLANG_CXX_LANGUAGE_STANDARD = "gnu++0x";
				CLANG_CXX_LIBRARY = "libc++";
				CLANG_ENABLE_MODULES = YES;
				CLANG_ENABLE_OBJC_ARC = YES;
				CLANG_WARN_BOOL_CONVERSION = YES;
				CLANG_WARN_CONSTANT_CONVERSION = YES;
				CLANG_WARN_DIRECT_OBJC_ISA_USAGE = YES_ERROR;
				CLANG_WARN_EMPTY_BODY = YES;
				CLANG_WARN_ENUM_CONVERSION = YES;
				CLANG_WARN_INT_CONVERSION = YES;
				CLANG_WARN_OBJC_ROOT_CLASS = YES_ERROR;
				CLANG_WARN__DUPLICATE_METHOD_MATCH = YES;
				"CODE_SIGN_IDENTITY[sdk=iphoneos*]" = "iPhone Developer";
				COPY_PHASE_STRIP = NO;
				GCC_C_LANGUAGE_STANDARD = gnu99;
				GCC_DYNAMIC_NO_PIC = NO;
				GCC_OPTIMIZATION_LEVEL = 0;
				GCC_PREPROCESSOR_DEFINITIONS = (
					"DEBUG=1",
					"$(inherited)",
				);
				GCC_SYMBOLS_PRIVATE_EXTERN = NO;
				GCC_WARN_64_TO_32_BIT_CONVERSION = YES;
				GCC_WARN_ABOUT_RETURN_TYPE = YES_ERROR;
				GCC_WARN_UNDECLARED_SELECTOR = YES;
				GCC_WARN_UNINITIALIZED_AUTOS = YES_AGGRESSIVE;
				GCC_WARN_UNUSED_FUNCTION = YES;
				GCC_WARN_UNUSED_VARIABLE = YES;
				IPHONEOS_DEPLOYMENT_TARGET = 7.1;
				ONLY_ACTIVE_ARCH = YES;
				SDKROOT = iphoneos;
				TARGETED_DEVICE_FAMILY = "1,2";
			};
			name = Debug;
		};
		BE1619E218EB762700964404 /* Release */ = {
			isa = XCBuildConfiguration;
			buildSettings = {
				ALWAYS_SEARCH_USER_PATHS = NO;
				CLANG_CXX_LANGUAGE_STANDARD = "gnu++0x";
				CLANG_CXX_LIBRARY = "libc++";
				CLANG_ENABLE_MODULES = YES;
				CLANG_ENABLE_OBJC_ARC = YES;
				CLANG_WARN_BOOL_CONVERSION = YES;
				CLANG_WARN_CONSTANT_CONVERSION = YES;
				CLANG_WARN_DIRECT_OBJC_ISA_USAGE = YES_ERROR;
				CLANG_WARN_EMPTY_BODY = YES;
				CLANG_WARN_ENUM_CONVERSION = YES;
				CLANG_WARN_INT_CONVERSION = YES;
				CLANG_WARN_OBJC_ROOT_CLASS = YES_ERROR;
				CLANG_WARN__DUPLICATE_METHOD_MATCH = YES;
				"CODE_SIGN_IDENTITY[sdk=iphoneos*]" = "iPhone Developer";
				COPY_PHASE_STRIP = YES;
				ENABLE_NS_ASSERTIONS = NO;
				GCC_C_LANGUAGE_STANDARD = gnu99;
				GCC_WARN_64_TO_32_BIT_CONVERSION = YES;
				GCC_WARN_ABOUT_RETURN_TYPE = YES_ERROR;
				GCC_WARN_UNDECLARED_SELECTOR = YES;
				GCC_WARN_UNINITIALIZED_AUTOS = YES_AGGRESSIVE;
				GCC_WARN_UNUSED_FUNCTION = YES;
				GCC_WARN_UNUSED_VARIABLE = YES;
				IPHONEOS_DEPLOYMENT_TARGET = 7.1;
				SDKROOT = iphoneos;
				TARGETED_DEVICE_FAMILY = "1,2";
				VALIDATE_PRODUCT = YES;
			};
			name = Release;
		};
		BE1619E418EB762700964404 /* Debug */ = {
			isa = XCBuildConfiguration;
			buildSettings = {
				ASSETCATALOG_COMPILER_APPICON_NAME = AppIcon;
				ASSETCATALOG_COMPILER_LAUNCHIMAGE_NAME = LaunchImage;
				GCC_PRECOMPILE_PREFIX_HEADER = YES;
				GCC_PREFIX_HEADER = "GetStarted/GetStarted-Prefix.pch";
				INFOPLIST_FILE = "GetStarted/GetStarted-Info.plist";
				PRODUCT_NAME = "$(TARGET_NAME)";
				WRAPPER_EXTENSION = app;
			};
			name = Debug;
		};
		BE1619E518EB762700964404 /* Release */ = {
			isa = XCBuildConfiguration;
			buildSettings = {
				ASSETCATALOG_COMPILER_APPICON_NAME = AppIcon;
				ASSETCATALOG_COMPILER_LAUNCHIMAGE_NAME = LaunchImage;
				GCC_PRECOMPILE_PREFIX_HEADER = YES;
				GCC_PREFIX_HEADER = "GetStarted/GetStarted-Prefix.pch";
				INFOPLIST_FILE = "GetStarted/GetStarted-Info.plist";
				PRODUCT_NAME = "$(TARGET_NAME)";
				WRAPPER_EXTENSION = app;
			};
			name = Release;
		};
		BE1619E718EB762700964404 /* Debug */ = {
			isa = XCBuildConfiguration;
			buildSettings = {
				BUNDLE_LOADER = "$(BUILT_PRODUCTS_DIR)/GetStarted.app/GetStarted";
				FRAMEWORK_SEARCH_PATHS = (
					"$(SDKROOT)/Developer/Library/Frameworks",
					"$(inherited)",
					"$(DEVELOPER_FRAMEWORKS_DIR)",
				);
				GCC_PRECOMPILE_PREFIX_HEADER = YES;
				GCC_PREFIX_HEADER = "GetStarted/GetStarted-Prefix.pch";
				GCC_PREPROCESSOR_DEFINITIONS = (
					"DEBUG=1",
					"$(inherited)",
				);
				INFOPLIST_FILE = "GetStartedTests/GetStartedTests-Info.plist";
				PRODUCT_NAME = "$(TARGET_NAME)";
				TEST_HOST = "$(BUNDLE_LOADER)";
				WRAPPER_EXTENSION = xctest;
			};
			name = Debug;
		};
		BE1619E818EB762700964404 /* Release */ = {
			isa = XCBuildConfiguration;
			buildSettings = {
				BUNDLE_LOADER = "$(BUILT_PRODUCTS_DIR)/GetStarted.app/GetStarted";
				FRAMEWORK_SEARCH_PATHS = (
					"$(SDKROOT)/Developer/Library/Frameworks",
					"$(inherited)",
					"$(DEVELOPER_FRAMEWORKS_DIR)",
				);
				GCC_PRECOMPILE_PREFIX_HEADER = YES;
				GCC_PREFIX_HEADER = "GetStarted/GetStarted-Prefix.pch";
				INFOPLIST_FILE = "GetStartedTests/GetStartedTests-Info.plist";
				PRODUCT_NAME = "$(TARGET_NAME)";
				TEST_HOST = "$(BUNDLE_LOADER)";
				WRAPPER_EXTENSION = xctest;
			};
			name = Release;
		};
/* End XCBuildConfiguration section */

/* Begin XCConfigurationList section */
		BE1619B218EB762700964404 /* Build configuration list for PBXProject "GetStarted" */ = {
			isa = XCConfigurationList;
			buildConfigurations = (
				BE1619E118EB762700964404 /* Debug */,
				BE1619E218EB762700964404 /* Release */,
			);
			defaultConfigurationIsVisible = 0;
			defaultConfigurationName = Release;
		};
		BE1619E318EB762700964404 /* Build configuration list for PBXNativeTarget "GetStarted" */ = {
			isa = XCConfigurationList;
			buildConfigurations = (
				BE1619E418EB762700964404 /* Debug */,
				BE1619E518EB762700964404 /* Release */,
			);
			defaultConfigurationIsVisible = 0;
		};
		BE1619E618EB762700964404 /* Build configuration list for PBXNativeTarget "GetStartedTests" */ = {
			isa = XCConfigurationList;
			buildConfigurations = (
				BE1619E718EB762700964404 /* Debug */,
				BE1619E818EB762700964404 /* Release */,
			);
			defaultConfigurationIsVisible = 0;
		};
/* End XCConfigurationList section */
	};
	rootObject = BE1619AF18EB762700964404 /* Project object */;
}
